// !$*UTF8*$!
{
	archiveVersion = 1;
	classes = {
	};
	objectVersion = 46;
	objects = {

/* Begin PBXBuildFile section */
		5EA5D46F151CB9B7006D7D84 /* Foundation.framework in Frameworks */ = {isa = PBXBuildFile; fileRef = 5EA5D46E151CB9B7006D7D84 /* Foundation.framework */; };
		5EA5D472151CB9B7006D7D84 /* main.m in Sources */ = {isa = PBXBuildFile; fileRef = 5EA5D471151CB9B7006D7D84 /* main.m */; };
		5EA5D476151CB9B7006D7D84 /* SickipediaCLI.1 in CopyFiles */ = {isa = PBXBuildFile; fileRef = 5EA5D475151CB9B7006D7D84 /* SickipediaCLI.1 */; };
		5EA5D47D151CBA09006D7D84 /* libncurses.dylib in Frameworks */ = {isa = PBXBuildFile; fileRef = 5EA5D47C151CBA09006D7D84 /* libncurses.dylib */; };
		5EA5D480151CBA76006D7D84 /* Console.mm in Sources */ = {isa = PBXBuildFile; fileRef = 5EA5D47F151CBA76006D7D84 /* Console.mm */; };
		5EA5D482151CBAE6006D7D84 /* libcurl.dylib in Frameworks */ = {isa = PBXBuildFile; fileRef = 5EA5D481151CBAE6006D7D84 /* libcurl.dylib */; };
/* End PBXBuildFile section */

/* Begin PBXCopyFilesBuildPhase section */
		5EA5D468151CB9B6006D7D84 /* CopyFiles */ = {
			isa = PBXCopyFilesBuildPhase;
			buildActionMask = 2147483647;
			dstPath = /usr/share/man/man1/;
			dstSubfolderSpec = 0;
			files = (
				5EA5D476151CB9B7006D7D84 /* SickipediaCLI.1 in CopyFiles */,
			);
			runOnlyForDeploymentPostprocessing = 1;
		};
/* End PBXCopyFilesBuildPhase section */

/* Begin PBXFileReference section */
		5EA5D46A151CB9B7006D7D84 /* SickipediaCLI */ = {isa = PBXFileReference; explicitFileType = "compiled.mach-o.executable"; includeInIndex = 0; path = SickipediaCLI; sourceTree = BUILT_PRODUCTS_DIR; };
		5EA5D46E151CB9B7006D7D84 /* Foundation.framework */ = {isa = PBXFileReference; lastKnownFileType = wrapper.framework; name = Foundation.framework; path = System/Library/Frameworks/Foundation.framework; sourceTree = SDKROOT; };
		5EA5D471151CB9B7006D7D84 /* main.m */ = {isa = PBXFileReference; lastKnownFileType = sourcecode.c.objc; path = main.m; sourceTree = "<group>"; };
		5EA5D474151CB9B7006D7D84 /* SickipediaCLI-Prefix.pch */ = {isa = PBXFileReference; lastKnownFileType = sourcecode.c.h; path = "SickipediaCLI-Prefix.pch"; sourceTree = "<group>"; };
		5EA5D475151CB9B7006D7D84 /* SickipediaCLI.1 */ = {isa = PBXFileReference; lastKnownFileType = text.man; path = SickipediaCLI.1; sourceTree = "<group>"; };
		5EA5D47C151CBA09006D7D84 /* libncurses.dylib */ = {isa = PBXFileReference; lastKnownFileType = "compiled.mach-o.dylib"; name = libncurses.dylib; path = usr/lib/libncurses.dylib; sourceTree = SDKROOT; };
		5EA5D47E151CBA76006D7D84 /* Console.h */ = {isa = PBXFileReference; fileEncoding = 4; lastKnownFileType = sourcecode.c.h; path = Console.h; sourceTree = "<group>"; };
		5EA5D47F151CBA76006D7D84 /* Console.mm */ = {isa = PBXFileReference; fileEncoding = 4; lastKnownFileType = sourcecode.cpp.objcpp; path = Console.mm; sourceTree = "<group>"; };
		5EA5D481151CBAE6006D7D84 /* libcurl.dylib */ = {isa = PBXFileReference; lastKnownFileType = "compiled.mach-o.dylib"; name = libcurl.dylib; path = usr/lib/libcurl.dylib; sourceTree = SDKROOT; };
		5EA5D487151CE303006D7D84 /* SCUtil.h */ = {isa = PBXFileReference; lastKnownFileType = sourcecode.c.h; path = SCUtil.h; sourceTree = "<group>"; };
		5EA5D498151CF09A006D7D84 /* AppKit.framework */ = {isa = PBXFileReference; lastKnownFileType = wrapper.framework; name = AppKit.framework; path = System/Library/Frameworks/AppKit.framework; sourceTree = SDKROOT; };
		5EA5D49A151CF0BB006D7D84 /* SMXMLDocument.h */ = {isa = PBXFileReference; lastKnownFileType = sourcecode.c.h; path = SMXMLDocument.h; sourceTree = "<group>"; };
		5EA5D49B151CF0BB006D7D84 /* SMXMLDocument.m */ = {isa = PBXFileReference; lastKnownFileType = sourcecode.c.objc; path = SMXMLDocument.m; sourceTree = "<group>"; };
		5EA5D49C151CF0BB006D7D84 /* SMXMLDocument+Utils.h */ = {isa = PBXFileReference; lastKnownFileType = sourcecode.c.h; path = "SMXMLDocument+Utils.h"; sourceTree = "<group>"; };
		5EA5D49D151CF0BB006D7D84 /* SMXMLDocument+Utils.m */ = {isa = PBXFileReference; lastKnownFileType = sourcecode.c.objc; path = "SMXMLDocument+Utils.m"; sourceTree = "<group>"; };
/* End PBXFileReference section */

/* Begin PBXFrameworksBuildPhase section */
		5EA5D467151CB9B6006D7D84 /* Frameworks */ = {
			isa = PBXFrameworksBuildPhase;
			buildActionMask = 2147483647;
			files = (
				5EA5D482151CBAE6006D7D84 /* libcurl.dylib in Frameworks */,
				5EA5D47D151CBA09006D7D84 /* libncurses.dylib in Frameworks */,
				5EA5D46F151CB9B7006D7D84 /* Foundation.framework in Frameworks */,
			);
			runOnlyForDeploymentPostprocessing = 0;
		};
/* End PBXFrameworksBuildPhase section */

/* Begin PBXGroup section */
		5EA5D45F151CB9B5006D7D84 = {
			isa = PBXGroup;
			children = (
				5EA5D498151CF09A006D7D84 /* AppKit.framework */,
				5EA5D481151CBAE6006D7D84 /* libcurl.dylib */,
				5EA5D47C151CBA09006D7D84 /* libncurses.dylib */,
				5EA5D470151CB9B7006D7D84 /* SickipediaCLI */,
				5EA5D46D151CB9B7006D7D84 /* Frameworks */,
				5EA5D46B151CB9B7006D7D84 /* Products */,
			);
			sourceTree = "<group>";
		};
		5EA5D46B151CB9B7006D7D84 /* Products */ = {
			isa = PBXGroup;
			children = (
				5EA5D46A151CB9B7006D7D84 /* SickipediaCLI */,
			);
			name = Products;
			sourceTree = "<group>";
		};
		5EA5D46D151CB9B7006D7D84 /* Frameworks */ = {
			isa = PBXGroup;
			children = (
				5EA5D46E151CB9B7006D7D84 /* Foundation.framework */,
			);
			name = Frameworks;
			sourceTree = "<group>";
		};
		5EA5D470151CB9B7006D7D84 /* SickipediaCLI */ = {
			isa = PBXGroup;
			children = (
				5EA5D49F151D9BBA006D7D84 /* Console */,
				5EA5D49E151D9BA7006D7D84 /* 3rdPartyStuff */,
				5EA5D471151CB9B7006D7D84 /* main.m */,
				5EA5D475151CB9B7006D7D84 /* SickipediaCLI.1 */,
				5EA5D473151CB9B7006D7D84 /* Supporting Files */,
			);
			path = SickipediaCLI;
			sourceTree = "<group>";
		};
		5EA5D473151CB9B7006D7D84 /* Supporting Files */ = {
			isa = PBXGroup;
			children = (
				5EA5D474151CB9B7006D7D84 /* SickipediaCLI-Prefix.pch */,
			);
			name = "Supporting Files";
			sourceTree = "<group>";
		};
		5EA5D49E151D9BA7006D7D84 /* 3rdPartyStuff */ = {
			isa = PBXGroup;
			children = (
				5EA5D49A151CF0BB006D7D84 /* SMXMLDocument.h */,
				5EA5D49B151CF0BB006D7D84 /* SMXMLDocument.m */,
				5EA5D49C151CF0BB006D7D84 /* SMXMLDocument+Utils.h */,
				5EA5D49D151CF0BB006D7D84 /* SMXMLDocument+Utils.m */,
			);
			name = 3rdPartyStuff;
			sourceTree = "<group>";
		};
		5EA5D49F151D9BBA006D7D84 /* Console */ = {
			isa = PBXGroup;
			children = (
				5EA5D47E151CBA76006D7D84 /* Console.h */,
				5EA5D47F151CBA76006D7D84 /* Console.mm */,
				5EA5D487151CE303006D7D84 /* SCUtil.h */,
			);
			name = Console;
			sourceTree = "<group>";
		};
/* End PBXGroup section */

/* Begin PBXNativeTarget section */
		5EA5D469151CB9B6006D7D84 /* SickipediaCLI */ = {
			isa = PBXNativeTarget;
			buildConfigurationList = 5EA5D479151CB9B7006D7D84 /* Build configuration list for PBXNativeTarget "SickipediaCLI" */;
			buildPhases = (
				5EA5D466151CB9B6006D7D84 /* Sources */,
				5EA5D467151CB9B6006D7D84 /* Frameworks */,
				5EA5D468151CB9B6006D7D84 /* CopyFiles */,
			);
			buildRules = (
			);
			dependencies = (
			);
			name = SickipediaCLI;
			productName = SickipediaCLI;
			productReference = 5EA5D46A151CB9B7006D7D84 /* SickipediaCLI */;
			productType = "com.apple.product-type.tool";
		};
/* End PBXNativeTarget section */

/* Begin PBXProject section */
		5EA5D461151CB9B5006D7D84 /* Project object */ = {
			isa = PBXProject;
			attributes = {
				LastUpgradeCheck = 0430;
				ORGANIZATIONNAME = AweSoftwe;
			};
			buildConfigurationList = 5EA5D464151CB9B5006D7D84 /* Build configuration list for PBXProject "SickipediaCLI" */;
			compatibilityVersion = "Xcode 3.2";
			developmentRegion = English;
			hasScannedForEncodings = 0;
			knownRegions = (
				en,
			);
			mainGroup = 5EA5D45F151CB9B5006D7D84;
			productRefGroup = 5EA5D46B151CB9B7006D7D84 /* Products */;
			projectDirPath = "";
			projectRoot = "";
			targets = (
				5EA5D469151CB9B6006D7D84 /* SickipediaCLI */,
			);
		};
/* End PBXProject section */

/* Begin PBXSourcesBuildPhase section */
		5EA5D466151CB9B6006D7D84 /* Sources */ = {
			isa = PBXSourcesBuildPhase;
			buildActionMask = 2147483647;
			files = (
				5EA5D472151CB9B7006D7D84 /* main.m in Sources */,
				5EA5D480151CBA76006D7D84 /* Console.mm in Sources */,
			);
			runOnlyForDeploymentPostprocessing = 0;
		};
/* End PBXSourcesBuildPhase section */

/* Begin XCBuildConfiguration section */
		5EA5D477151CB9B7006D7D84 /* Debug */ = {
			isa = XCBuildConfiguration;
			buildSettings = {
				ALWAYS_SEARCH_USER_PATHS = NO;
				ARCHS = "$(ARCHS_STANDARD_64_BIT)";
				CLANG_ENABLE_OBJC_ARC = YES;
				COPY_PHASE_STRIP = NO;
				GCC_C_LANGUAGE_STANDARD = gnu99;
				GCC_DYNAMIC_NO_PIC = NO;
				GCC_ENABLE_OBJC_EXCEPTIONS = YES;
				GCC_OPTIMIZATION_LEVEL = 0;
				GCC_PREPROCESSOR_DEFINITIONS = (
					"DEBUG=1",
					"$(inherited)",
				);
				GCC_SYMBOLS_PRIVATE_EXTERN = NO;
				GCC_VERSION = com.apple.compilers.llvm.clang.1_0;
				GCC_WARN_64_TO_32_BIT_CONVERSION = YES;
				GCC_WARN_ABOUT_RETURN_TYPE = YES;
				GCC_WARN_UNINITIALIZED_AUTOS = YES;
				GCC_WARN_UNUSED_VARIABLE = YES;
				MACOSX_DEPLOYMENT_TARGET = 10.7;
				ONLY_ACTIVE_ARCH = YES;
				SDKROOT = macosx;
			};
			name = Debug;
		};
		5EA5D478151CB9B7006D7D84 /* Release */ = {
			isa = XCBuildConfiguration;
			buildSettings = {
				ALWAYS_SEARCH_USER_PATHS = NO;
				ARCHS = "$(ARCHS_STANDARD_64_BIT)";
				CLANG_ENABLE_OBJC_ARC = YES;
				COPY_PHASE_STRIP = YES;
				DEBUG_INFORMATION_FORMAT = "dwarf-with-dsym";
				GCC_C_LANGUAGE_STANDARD = gnu99;
				GCC_ENABLE_OBJC_EXCEPTIONS = YES;
				GCC_VERSION = com.apple.compilers.llvm.clang.1_0;
				GCC_WARN_64_TO_32_BIT_CONVERSION = YES;
				GCC_WARN_ABOUT_RETURN_TYPE = YES;
				GCC_WARN_UNINITIALIZED_AUTOS = YES;
				GCC_WARN_UNUSED_VARIABLE = YES;
				MACOSX_DEPLOYMENT_TARGET = 10.7;
				SDKROOT = macosx;
			};
			name = Release;
		};
		5EA5D47A151CB9B7006D7D84 /* Debug */ = {
			isa = XCBuildConfiguration;
			buildSettings = {
				GCC_PRECOMPILE_PREFIX_HEADER = YES;
				GCC_PREFIX_HEADER = "SickipediaCLI/SickipediaCLI-Prefix.pch";
				HEADER_SEARCH_PATHS = "";
				OTHER_LDFLAGS = (
					"-all_load",
					"-ObjC",
				);
				PRODUCT_NAME = "$(TARGET_NAME)";
			};
			name = Debug;
		};
		5EA5D47B151CB9B7006D7D84 /* Release */ = {
			isa = XCBuildConfiguration;
			buildSettings = {
				GCC_PRECOMPILE_PREFIX_HEADER = YES;
				GCC_PREFIX_HEADER = "SickipediaCLI/SickipediaCLI-Prefix.pch";
				HEADER_SEARCH_PATHS = "";
				OTHER_LDFLAGS = (
					"-all_load",
					"-ObjC",
				);
				PRODUCT_NAME = "$(TARGET_NAME)";
			};
			name = Release;
		};
/* End XCBuildConfiguration section */

/* Begin XCConfigurationList section */
		5EA5D464151CB9B5006D7D84 /* Build configuration list for PBXProject "SickipediaCLI" */ = {
			isa = XCConfigurationList;
			buildConfigurations = (
				5EA5D477151CB9B7006D7D84 /* Debug */,
				5EA5D478151CB9B7006D7D84 /* Release */,
			);
			defaultConfigurationIsVisible = 0;
			defaultConfigurationName = Release;
		};
		5EA5D479151CB9B7006D7D84 /* Build configuration list for PBXNativeTarget "SickipediaCLI" */ = {
			isa = XCConfigurationList;
			buildConfigurations = (
				5EA5D47A151CB9B7006D7D84 /* Debug */,
				5EA5D47B151CB9B7006D7D84 /* Release */,
			);
			defaultConfigurationIsVisible = 0;
			defaultConfigurationName = Release;
		};
/* End XCConfigurationList section */
	};
	rootObject = 5EA5D461151CB9B5006D7D84 /* Project object */;
}
